{
  "meteor": {},
  "dependencies": {
    "basePackages": {
      "event-hooks": {}
    },
    "packages": {
      "event-hooks": {
        "git": "https://github.com/BenjaminRH/meteor-event-hooks.git",
        "tag": "v1.4.3",
        "commit": "ba4f3d7887748458618d29615492906f0c88d31c"
      }
    }
  }
}
